// !$*UTF8*$!
{
	archiveVersion = 1;
	classes = {
	};
	objectVersion = 46;
	objects = {

/* Begin PBXBuildFile section */
		08A01FEB1F6F70850030366E /* AppDelegate.swift in Sources */ = {isa = PBXBuildFile; fileRef = 08A01FEA1F6F70850030366E /* AppDelegate.swift */; };
		08A01FED1F6F70850030366E /* ViewController.swift in Sources */ = {isa = PBXBuildFile; fileRef = 08A01FEC1F6F70850030366E /* ViewController.swift */; };
		08A01FF01F6F70850030366E /* Main.storyboard in Resources */ = {isa = PBXBuildFile; fileRef = 08A01FEE1F6F70850030366E /* Main.storyboard */; };
		08A01FF21F6F70850030366E /* Assets.xcassets in Resources */ = {isa = PBXBuildFile; fileRef = 08A01FF11F6F70850030366E /* Assets.xcassets */; };
		08A01FF51F6F70850030366E /* LaunchScreen.storyboard in Resources */ = {isa = PBXBuildFile; fileRef = 08A01FF31F6F70850030366E /* LaunchScreen.storyboard */; };
/* End PBXBuildFile section */

/* Begin PBXFileReference section */
		08A01FE71F6F70850030366E /* GuageDynamics.app */ = {isa = PBXFileReference; explicitFileType = wrapper.application; includeInIndex = 0; path = GuageDynamics.app; sourceTree = BUILT_PRODUCTS_DIR; };
		08A01FEA1F6F70850030366E /* AppDelegate.swift */ = {isa = PBXFileReference; lastKnownFileType = sourcecode.swift; path = AppDelegate.swift; sourceTree = "<group>"; };
		08A01FEC1F6F70850030366E /* ViewController.swift */ = {isa = PBXFileReference; lastKnownFileType = sourcecode.swift; path = ViewController.swift; sourceTree = "<group>"; };
		08A01FEF1F6F70850030366E /* Base */ = {isa = PBXFileReference; lastKnownFileType = file.storyboard; name = Base; path = Base.lproj/Main.storyboard; sourceTree = "<group>"; };
		08A01FF11F6F70850030366E /* Assets.xcassets */ = {isa = PBXFileReference; lastKnownFileType = folder.assetcatalog; path = Assets.xcassets; sourceTree = "<group>"; };
		08A01FF41F6F70850030366E /* Base */ = {isa = PBXFileReference; lastKnownFileType = file.storyboard; name = Base; path = Base.lproj/LaunchScreen.storyboard; sourceTree = "<group>"; };
		08A01FF61F6F70850030366E /* Info.plist */ = {isa = PBXFileReference; lastKnownFileType = text.plist.xml; path = Info.plist; sourceTree = "<group>"; };
/* End PBXFileReference section */

/* Begin PBXFrameworksBuildPhase section */
		08A01FE41F6F70850030366E /* Frameworks */ = {
			isa = PBXFrameworksBuildPhase;
			buildActionMask = 2147483647;
			files = (
			);
			runOnlyForDeploymentPostprocessing = 0;
		};
/* End PBXFrameworksBuildPhase section */

/* Begin PBXGroup section */
		08A01FDE1F6F70850030366E = {
			isa = PBXGroup;
			children = (
				08A01FE91F6F70850030366E /* GuageDynamics */,
				08A01FE81F6F70850030366E /* Products */,
			);
			sourceTree = "<group>";
		};
		08A01FE81F6F70850030366E /* Products */ = {
			isa = PBXGroup;
			children = (
				08A01FE71F6F70850030366E /* GuageDynamics.app */,
			);
			name = Products;
			sourceTree = "<group>";
		};
		08A01FE91F6F70850030366E /* GuageDynamics */ = {
			isa = PBXGroup;
			children = (
				08A01FEA1F6F70850030366E /* AppDelegate.swift */,
				08A01FEC1F6F70850030366E /* ViewController.swift */,
				08A01FEE1F6F70850030366E /* Main.storyboard */,
				08A01FF11F6F70850030366E /* Assets.xcassets */,
				08A01FF31F6F70850030366E /* LaunchScreen.storyboard */,
				08A01FF61F6F70850030366E /* Info.plist */,
			);
			path = GuageDynamics;
			sourceTree = "<group>";
		};
/* End PBXGroup section */

/* Begin PBXNativeTarget section */
		08A01FE61F6F70850030366E /* GuageDynamics */ = {
			isa = PBXNativeTarget;
			buildConfigurationList = 08A01FF91F6F70850030366E /* Build configuration list for PBXNativeTarget "GuageDynamics" */;
			buildPhases = (
				08A01FE31F6F70850030366E /* Sources */,
				08A01FE41F6F70850030366E /* Frameworks */,
				08A01FE51F6F70850030366E /* Resources */,
			);
			buildRules = (
			);
			dependencies = (
			);
			name = GuageDynamics;
			productName = GuageDynamics;
			productReference = 08A01FE71F6F70850030366E /* GuageDynamics.app */;
			productType = "com.apple.product-type.application";
		};
/* End PBXNativeTarget section */

/* Begin PBXProject section */
		08A01FDF1F6F70850030366E /* Project object */ = {
			isa = PBXProject;
			attributes = {
				LastSwiftUpdateCheck = 0830;
				LastUpgradeCheck = 0830;
				ORGANIZATIONNAME = "SRI KALYAN GANJA";
				TargetAttributes = {
					08A01FE61F6F70850030366E = {
						CreatedOnToolsVersion = 8.3.3;
						ProvisioningStyle = Automatic;
					};
				};
			};
			buildConfigurationList = 08A01FE21F6F70850030366E /* Build configuration list for PBXProject "GuageDynamics" */;
			compatibilityVersion = "Xcode 3.2";
			developmentRegion = English;
			hasScannedForEncodings = 0;
			knownRegions = (
				en,
				Base,
			);
			mainGroup = 08A01FDE1F6F70850030366E;
			productRefGroup = 08A01FE81F6F70850030366E /* Products */;
			projectDirPath = "";
			projectRoot = "";
			targets = (
				08A01FE61F6F70850030366E /* GuageDynamics */,
			);
		};
/* End PBXProject section */

/* Begin PBXResourcesBuildPhase section */
		08A01FE51F6F70850030366E /* Resources */ = {
			isa = PBXResourcesBuildPhase;
			buildActionMask = 2147483647;
			files = (
				08A01FF51F6F70850030366E /* LaunchScreen.storyboard in Resources */,
				08A01FF21F6F70850030366E /* Assets.xcassets in Resources */,
				08A01FF01F6F70850030366E /* Main.storyboard in Resources */,
			);
			runOnlyForDeploymentPostprocessing = 0;
		};
/* End PBXResourcesBuildPhase section */

/* Begin PBXSourcesBuildPhase section */
		08A01FE31F6F70850030366E /* Sources */ = {
			isa = PBXSourcesBuildPhase;
			buildActionMask = 2147483647;
			files = (
				08A01FED1F6F70850030366E /* ViewController.swift in Sources */,
				08A01FEB1F6F70850030366E /* AppDelegate.swift in Sources */,
			);
			runOnlyForDeploymentPostprocessing = 0;
		};
/* End PBXSourcesBuildPhase section */

/* Begin PBXVariantGroup section */
		08A01FEE1F6F70850030366E /* Main.storyboard */ = {
			isa = PBXVariantGroup;
			children = (
				08A01FEF1F6F70850030366E /* Base */,
			);
			name = Main.storyboard;
			sourceTree = "<group>";
		};
		08A01FF31F6F70850030366E /* LaunchScreen.storyboard */ = {
			isa = PBXVariantGroup;
			children = (
				08A01FF41F6F70850030366E /* Base */,
			);
			name = LaunchScreen.storyboard;
			sourceTree = "<group>";
		};
/* End PBXVariantGroup section */

/* Begin XCBuildConfiguration section */
		08A01FF71F6F70850030366E /* Debug */ = {
			isa = XCBuildConfiguration;
			buildSettings = {
				ALWAYS_SEARCH_USER_PATHS = NO;
				CLANG_ANALYZER_NONNULL = YES;
				CLANG_ANALYZER_NUMBER_OBJECT_CONVERSION = YES_AGGRESSIVE;
				CLANG_CXX_LANGUAGE_STANDARD = "gnu++0x";
				CLANG_CXX_LIBRARY = "libc++";
				CLANG_ENABLE_MODULES = YES;
				CLANG_ENABLE_OBJC_ARC = YES;
				CLANG_WARN_BOOL_CONVERSION = YES;
				CLANG_WARN_CONSTANT_CONVERSION = YES;
				CLANG_WARN_DIRECT_OBJC_ISA_USAGE = YES_ERROR;
				CLANG_WARN_DOCUMENTATION_COMMENTS = YES;
				CLANG_WARN_EMPTY_BODY = YES;
				CLANG_WARN_ENUM_CONVERSION = YES;
				CLANG_WARN_INFINITE_RECURSION = YES;
				CLANG_WARN_INT_CONVERSION = YES;
				CLANG_WARN_OBJC_ROOT_CLASS = YES_ERROR;
				CLANG_WARN_SUSPICIOUS_MOVE = YES;
				CLANG_WARN_UNREACHABLE_CODE = YES;
				CLANG_WARN__DUPLICATE_METHOD_MATCH = YES;
				"CODE_SIGN_IDENTITY[sdk=iphoneos*]" = "iPhone Developer";
				COPY_PHASE_STRIP = NO;
				DEBUG_INFORMATION_FORMAT = dwarf;
				ENABLE_STRICT_OBJC_MSGSEND = YES;
				ENABLE_TESTABILITY = YES;
				GCC_C_LANGUAGE_STANDARD = gnu99;
				GCC_DYNAMIC_NO_PIC = NO;
				GCC_NO_COMMON_BLOCKS = YES;
				GCC_OPTIMIZATION_LEVEL = 0;
				GCC_PREPROCESSOR_DEFINITIONS = (
					"DEBUG=1",
					"$(inherited)",
				);
				GCC_WARN_64_TO_32_BIT_CONVERSION = YES;
				GCC_WARN_ABOUT_RETURN_TYPE = YES_ERROR;
				GCC_WARN_UNDECLARED_SELECTOR = YES;
				GCC_WARN_UNINITIALIZED_AUTOS = YES_AGGRESSIVE;
				GCC_WARN_UNUSED_FUNCTION = YES;
				GCC_WARN_UNUSED_VARIABLE = YES;
				IPHONEOS_DEPLOYMENT_TARGET = 10.3;
				MTL_ENABLE_DEBUG_INFO = YES;
				ONLY_ACTIVE_ARCH = YES;
				SDKROOT = iphoneos;
				SWIFT_ACTIVE_COMPILATION_CONDITIONS = DEBUG;
				SWIFT_OPTIMIZATION_LEVEL = "-Onone";
				TARGETED_DEVICE_FAMILY = "1,2";
			};
			name = Debug;
		};
		08A01FF81F6F70850030366E /* Release */ = {
			isa = XCBuildConfiguration;
			buildSettings = {
				ALWAYS_SEARCH_USER_PATHS = NO;
				CLANG_ANALYZER_NONNULL = YES;
				CLANG_ANALYZER_NUMBER_OBJECT_CONVERSION = YES_AGGRESSIVE;
				CLANG_CXX_LANGUAGE_STANDARD = "gnu++0x";
				CLANG_CXX_LIBRARY = "libc++";
				CLANG_ENABLE_MODULES = YES;
				CLANG_ENABLE_OBJC_ARC = YES;
				CLANG_WARN_BOOL_CONVERSION = YES;
				CLANG_WARN_CONSTANT_CONVERSION = YES;
				CLANG_WARN_DIRECT_OBJC_ISA_USAGE = YES_ERROR;
				CLANG_WARN_DOCUMENTATION_COMMENTS = YES;
				CLANG_WARN_EMPTY_BODY = YES;
				CLANG_WARN_ENUM_CONVERSION = YES;
				CLANG_WARN_INFINITE_RECURSION = YES;
				CLANG_WARN_INT_CONVERSION = YES;
				CLANG_WARN_OBJC_ROOT_CLASS = YES_ERROR;
				CLANG_WARN_SUSPICIOUS_MOVE = YES;
				CLANG_WARN_UNREACHABLE_CODE = YES;
				CLANG_WARN__DUPLICATE_METHOD_MATCH = YES;
				"CODE_SIGN_IDENTITY[sdk=iphoneos*]" = "iPhone Developer";
				COPY_PHASE_STRIP = NO;
				DEBUG_INFORMATION_FORMAT = "dwarf-with-dsym";
				ENABLE_NS_ASSERTIONS = NO;
				ENABLE_STRICT_OBJC_MSGSEND = YES;
				GCC_C_LANGUAGE_STANDARD = gnu99;
				GCC_NO_COMMON_BLOCKS = YES;
				GCC_WARN_64_TO_32_BIT_CONVERSION = YES;
				GCC_WARN_ABOUT_RETURN_TYPE = YES_ERROR;
				GCC_WARN_UNDECLARED_SELECTOR = YES;
				GCC_WARN_UNINITIALIZED_AUTOS = YES_AGGRESSIVE;
				GCC_WARN_UNUSED_FUNCTION = YES;
				GCC_WARN_UNUSED_VARIABLE = YES;
				IPHONEOS_DEPLOYMENT_TARGET = 10.3;
				MTL_ENABLE_DEBUG_INFO = NO;
				SDKROOT = iphoneos;
				SWIFT_OPTIMIZATION_LEVEL = "-Owholemodule";
				TARGETED_DEVICE_FAMILY = "1,2";
				VALIDATE_PRODUCT = YES;
			};
			name = Release;
		};
		08A01FFA1F6F70850030366E /* Debug */ = {
			isa = XCBuildConfiguration;
			buildSettings = {
				ASSETCATALOG_COMPILER_APPICON_NAME = AppIcon;
				INFOPLIST_FILE = GuageDynamics/Info.plist;
				LD_RUNPATH_SEARCH_PATHS = "$(inherited) @executable_path/Frameworks";
				PRODUCT_BUNDLE_IDENTIFIER = Testing.GuageDynamics;
				PRODUCT_NAME = "$(TARGET_NAME)";
				SWIFT_VERSION = 3.0;
			};
			name = Debug;
		};
		08A01FFB1F6F70850030366E /* Release */ = {
			isa = XCBuildConfiguration;
			buildSettings = {
				ASSETCATALOG_COMPILER_APPICON_NAME = AppIcon;
				INFOPLIST_FILE = GuageDynamics/Info.plist;
				LD_RUNPATH_SEARCH_PATHS = "$(inherited) @executable_path/Frameworks";
				PRODUCT_BUNDLE_IDENTIFIER = Testing.GuageDynamics;
				PRODUCT_NAME = "$(TARGET_NAME)";
				SWIFT_VERSION = 3.0;
			};
			name = Release;
		};
/* End XCBuildConfiguration section */

/* Begin XCConfigurationList section */
		08A01FE21F6F70850030366E /* Build configuration list for PBXProject "GuageDynamics" */ = {
			isa = XCConfigurationList;
			buildConfigurations = (
				08A01FF71F6F70850030366E /* Debug */,
				08A01FF81F6F70850030366E /* Release */,
			);
			defaultConfigurationIsVisible = 0;
			defaultConfigurationName = Release;
		};
		08A01FF91F6F70850030366E /* Build configuration list for PBXNativeTarget "GuageDynamics" */ = {
			isa = XCConfigurationList;
			buildConfigurations = (
				08A01FFA1F6F70850030366E /* Debug */,
				08A01FFB1F6F70850030366E /* Release */,
			);
			defaultConfigurationIsVisible = 0;
		};
/* End XCConfigurationList section */
	};
	rootObject = 08A01FDF1F6F70850030366E /* Project object */;
}
